
Microsoft Visual Studio Solution File, Format Version 12.00
# Visual Studio Version 17
VisualStudioVersion = 17.1.32210.238
MinimumVisualStudioVersion = 10.0.40219.1
Project("{FAE04EC0-301F-11D3-BF4B-00C04F79EFBC}") = "EventsApi", "EventsApi.csproj", "{4409D0E5-338C-475E-855A-F694CE3F2CFC}"
EndProject
Global
	GlobalSection(SolutionConfigurationPlatforms) = preSolution
		Debug|Any CPU = Debug|Any CPU
		Release|Any CPU = Release|Any CPU
	EndGlobalSection
	GlobalSection(ProjectConfigurationPlatforms) = postSolution
		{4409D0E5-338C-475E-855A-F694CE3F2CFC}.Debug|Any CPU.ActiveCfg = Debug|Any CPU
		{4409D0E5-338C-475E-855A-F694CE3F2CFC}.Debug|Any CPU.Build.0 = Debug|Any CPU
		{4409D0E5-338C-475E-855A-F694CE3F2CFC}.Release|Any CPU.ActiveCfg = Release|Any CPU
		{4409D0E5-338C-475E-855A-F694CE3F2CFC}.Release|Any CPU.Build.0 = Release|Any CPU
	EndGlobalSection
	GlobalSection(SolutionProperties) = preSolution
		HideSolutionNode = FALSE
	EndGlobalSection
	GlobalSection(ExtensibilityGlobals) = postSolution
		SolutionGuid = {1DDBE22F-3E04-4384-B3D9-8243EB7A3D7E}
	EndGlobalSection
EndGlobal
